<?xml version="1.0" encoding="utf-8"?>
<Project ToolsVersion="4.0" xmlns="http://schemas.microsoft.com/developer/msbuild/2003">
  <ItemGroup>
    <Filter Include="include">
      <UniqueIdentifier>{a82fe6bd-7456-41f3-b834-41ed1488d9d2}</UniqueIdentifier>
    </Filter>
    <Filter Include="src">
      <UniqueIdentifier>{fce4ea95-2f73-4d43-87fe-baf0f2bb339d}</UniqueIdentifier>
    </Filter>
  </ItemGroup>
  <ItemGroup>
    <ClCompile Include="src\main.cpp">
      <Filter>src</Filter>
    </ClCompile>
    <ClCompile Include="src\script.cpp">
      <Filter>src</Filter>
    </ClCompile>
    <ClCompile Include="src\types.cpp">
      <Filter>src</Filter>
    </ClCompile>
    <ClCompile Include="src\rawmem.cpp">
      <Filter>src</Filter>
    </ClCompile>
    <ClCompile Include="src\utils.cpp">
      <Filter>src</Filter>
    </ClCompile>
    <ClCompile Include="src\heap.c">
      <Filter>src</Filter>
    </ClCompile>
    <ClCompile Include="src\ref.cpp">
      <Filter>src</Filter>
    </ClCompile>
  </ItemGroup>
  <ItemGroup>
    <ClInclude Include="include\script.h">
      <Filter>include</Filter>
    </ClInclude>
    <ClInclude Include="include\utils.h">
      <Filter>include</Filter>
    </ClInclude>
    <ClInclude Include="include\rawmem.h">
      <Filter>include</Filter>
    </ClInclude>
    <ClInclude Include="include\types.h">
      <Filter>include</Filter>
    </ClInclude>
    <ClInclude Include="include\heap.h">
      <Filter>include</Filter>
    </ClInclude>
    <ClInclude Include="include\ref.h">
      <Filter>include</Filter>
    </ClInclude>
  </ItemGroup>
</Project>