<?xml version="1.0" encoding="utf-8"?>
<Project ToolsVersion="4.0" xmlns="http://schemas.microsoft.com/developer/msbuild/2003">
  <ItemGroup>
    <Filter Include="main">
      <UniqueIdentifier>{b3956023-cfcf-4486-b28b-4cbb64de6994}</UniqueIdentifier>
    </Filter>
    <Filter Include="core">
      <UniqueIdentifier>{7281432c-58bd-4103-944d-485cc6bc45b7}</UniqueIdentifier>
    </Filter>
    <Filter Include="utils">
      <UniqueIdentifier>{ebf1c452-74c0-4696-8078-58fdfce1f093}</UniqueIdentifier>
    </Filter>
  </ItemGroup>
  <ItemGroup>
    <ClCompile Include="src\main.cpp">
      <Filter>main</Filter>
    </ClCompile>
    <ClCompile Include="src\cbuffer.c">
      <Filter>utils</Filter>
    </ClCompile>
    <ClCompile Include="src\clist.c">
      <Filter>utils</Filter>
    </ClCompile>
    <ClCompile Include="src\cmap.c">
      <Filter>utils</Filter>
    </ClCompile>
  </ItemGroup>
  <ItemGroup>
    <ClInclude Include="include\utils\cbuffer.h">
      <Filter>utils</Filter>
    </ClInclude>
    <ClInclude Include="include\utils\cerror.h">
      <Filter>utils</Filter>
    </ClInclude>
    <ClInclude Include="include\utils\cutils.h">
      <Filter>utils</Filter>
    </ClInclude>
    <ClInclude Include="include\utils\clist.h">
      <Filter>utils</Filter>
    </ClInclude>
    <ClInclude Include="include\utils\cmap.h">
      <Filter>utils</Filter>
    </ClInclude>
  </ItemGroup>
  <ItemGroup>
    <None Include="cpp.hint" />
  </ItemGroup>
</Project>